
Microsoft Visual Studio Solution File, Format Version 12.00
# Visual Studio 15
VisualStudioVersion = 15.0.28010.2019
MinimumVisualStudioVersion = 10.0.40219.1
Project("{8BC9CEB8-8B4A-11D0-8D11-00A0C91BC942}") = "MainTemplate", "MainTemplate\MainTemplate.vcxproj", "{E0754063-80AD-4CD3-9189-29212BD7106D}"
EndProject
Project("{8BC9CEB8-8B4A-11D0-8D11-00A0C91BC942}") = "TaskOnStrings", "TaskOnStrings\TaskOnStrings.vcxproj", "{CF4466C2-CFB0-49FE-A08E-38EFA4F0AB46}"
EndProject
Project("{8BC9CEB8-8B4A-11D0-8D11-00A0C91BC942}") = "TaskWithStrings", "TaskWithStrings\TaskWithStrings.vcxproj", "{4781D8F8-2D42-4B6B-8EDC-343F9D2D14DC}"
EndProject
Project("{8BC9CEB8-8B4A-11D0-8D11-00A0C91BC942}") = "StringsTask", "StringsTask\StringsTask.vcxproj", "{C8563980-5917-4A90-9B48-C9FD1403CC94}"
EndProject
Project("{8BC9CEB8-8B4A-11D0-8D11-00A0C91BC942}") = "consalExample", "consalExample\consalExample.vcxproj", "{65D43F06-97E1-4BB9-B9BD-7995F8EB7FDA}"
EndProject
Global
	GlobalSection(SolutionConfigurationPlatforms) = preSolution
		Debug|x64 = Debug|x64
		Debug|x86 = Debug|x86
		Release|x64 = Release|x64
		Release|x86 = Release|x86
	EndGlobalSection
	GlobalSection(ProjectConfigurationPlatforms) = postSolution
		{E0754063-80AD-4CD3-9189-29212BD7106D}.Debug|x64.ActiveCfg = Debug|x64
		{E0754063-80AD-4CD3-9189-29212BD7106D}.Debug|x64.Build.0 = Debug|x64
		{E0754063-80AD-4CD3-9189-29212BD7106D}.Debug|x86.ActiveCfg = Debug|Win32
		{E0754063-80AD-4CD3-9189-29212BD7106D}.Debug|x86.Build.0 = Debug|Win32
		{E0754063-80AD-4CD3-9189-29212BD7106D}.Release|x64.ActiveCfg = Release|x64
		{E0754063-80AD-4CD3-9189-29212BD7106D}.Release|x64.Build.0 = Release|x64
		{E0754063-80AD-4CD3-9189-29212BD7106D}.Release|x86.ActiveCfg = Release|Win32
		{E0754063-80AD-4CD3-9189-29212BD7106D}.Release|x86.Build.0 = Release|Win32
		{CF4466C2-CFB0-49FE-A08E-38EFA4F0AB46}.Debug|x64.ActiveCfg = Debug|x64
		{CF4466C2-CFB0-49FE-A08E-38EFA4F0AB46}.Debug|x64.Build.0 = Debug|x64
		{CF4466C2-CFB0-49FE-A08E-38EFA4F0AB46}.Debug|x86.ActiveCfg = Debug|Win32
		{CF4466C2-CFB0-49FE-A08E-38EFA4F0AB46}.Debug|x86.Build.0 = Debug|Win32
		{CF4466C2-CFB0-49FE-A08E-38EFA4F0AB46}.Release|x64.ActiveCfg = Release|x64
		{CF4466C2-CFB0-49FE-A08E-38EFA4F0AB46}.Release|x64.Build.0 = Release|x64
		{CF4466C2-CFB0-49FE-A08E-38EFA4F0AB46}.Release|x86.ActiveCfg = Release|Win32
		{CF4466C2-CFB0-49FE-A08E-38EFA4F0AB46}.Release|x86.Build.0 = Release|Win32
		{4781D8F8-2D42-4B6B-8EDC-343F9D2D14DC}.Debug|x64.ActiveCfg = Debug|x64
		{4781D8F8-2D42-4B6B-8EDC-343F9D2D14DC}.Debug|x64.Build.0 = Debug|x64
		{4781D8F8-2D42-4B6B-8EDC-343F9D2D14DC}.Debug|x86.ActiveCfg = Debug|Win32
		{4781D8F8-2D42-4B6B-8EDC-343F9D2D14DC}.Debug|x86.Build.0 = Debug|Win32
		{4781D8F8-2D42-4B6B-8EDC-343F9D2D14DC}.Release|x64.ActiveCfg = Release|x64
		{4781D8F8-2D42-4B6B-8EDC-343F9D2D14DC}.Release|x64.Build.0 = Release|x64
		{4781D8F8-2D42-4B6B-8EDC-343F9D2D14DC}.Release|x86.ActiveCfg = Release|Win32
		{4781D8F8-2D42-4B6B-8EDC-343F9D2D14DC}.Release|x86.Build.0 = Release|Win32
		{C8563980-5917-4A90-9B48-C9FD1403CC94}.Debug|x64.ActiveCfg = Debug|x64
		{C8563980-5917-4A90-9B48-C9FD1403CC94}.Debug|x64.Build.0 = Debug|x64
		{C8563980-5917-4A90-9B48-C9FD1403CC94}.Debug|x86.ActiveCfg = Debug|Win32
		{C8563980-5917-4A90-9B48-C9FD1403CC94}.Debug|x86.Build.0 = Debug|Win32
		{C8563980-5917-4A90-9B48-C9FD1403CC94}.Release|x64.ActiveCfg = Release|x64
		{C8563980-5917-4A90-9B48-C9FD1403CC94}.Release|x64.Build.0 = Release|x64
		{C8563980-5917-4A90-9B48-C9FD1403CC94}.Release|x86.ActiveCfg = Release|Win32
		{C8563980-5917-4A90-9B48-C9FD1403CC94}.Release|x86.Build.0 = Release|Win32
		{65D43F06-97E1-4BB9-B9BD-7995F8EB7FDA}.Debug|x64.ActiveCfg = Debug|x64
		{65D43F06-97E1-4BB9-B9BD-7995F8EB7FDA}.Debug|x64.Build.0 = Debug|x64
		{65D43F06-97E1-4BB9-B9BD-7995F8EB7FDA}.Debug|x86.ActiveCfg = Debug|Win32
		{65D43F06-97E1-4BB9-B9BD-7995F8EB7FDA}.Debug|x86.Build.0 = Debug|Win32
		{65D43F06-97E1-4BB9-B9BD-7995F8EB7FDA}.Release|x64.ActiveCfg = Release|x64
		{65D43F06-97E1-4BB9-B9BD-7995F8EB7FDA}.Release|x64.Build.0 = Release|x64
		{65D43F06-97E1-4BB9-B9BD-7995F8EB7FDA}.Release|x86.ActiveCfg = Release|Win32
		{65D43F06-97E1-4BB9-B9BD-7995F8EB7FDA}.Release|x86.Build.0 = Release|Win32
	EndGlobalSection
	GlobalSection(SolutionProperties) = preSolution
		HideSolutionNode = FALSE
	EndGlobalSection
	GlobalSection(ExtensibilityGlobals) = postSolution
		SolutionGuid = {EB5CDE3F-F45C-4739-B2B5-CD48AD18AB6F}
	EndGlobalSection
EndGlobal
